
Microsoft Visual Studio Solution File, Format Version 12.00
# Visual Studio Version 16
VisualStudioVersion = 16.0.30406.217
MinimumVisualStudioVersion = 10.0.40219.1
Project("{FAE04EC0-301F-11D3-BF4B-00C04F79EFBC}") = "FIT5031_WK3", "FIT5031_WK3\FIT5031_WK3.csproj", "{30D90686-6D3B-448D-9040-3306D9457F74}"
EndProject
Project("{FAE04EC0-301F-11D3-BF4B-00C04F79EFBC}") = "FIT5031_WK3.Tests", "FIT5031_WK3.Tests\FIT5031_WK3.Tests.csproj", "{00655184-B27A-4EA8-A00E-AF550A39C450}"
EndProject
Global
	GlobalSection(SolutionConfigurationPlatforms) = preSolution
		Debug|Any CPU = Debug|Any CPU
		Release|Any CPU = Release|Any CPU
	EndGlobalSection
	GlobalSection(ProjectConfigurationPlatforms) = postSolution
		{30D90686-6D3B-448D-9040-3306D9457F74}.Debug|Any CPU.ActiveCfg = Debug|Any CPU
		{30D90686-6D3B-448D-9040-3306D9457F74}.Debug|Any CPU.Build.0 = Debug|Any CPU
		{30D90686-6D3B-448D-9040-3306D9457F74}.Release|Any CPU.ActiveCfg = Release|Any CPU
		{30D90686-6D3B-448D-9040-3306D9457F74}.Release|Any CPU.Build.0 = Release|Any CPU
		{00655184-B27A-4EA8-A00E-AF550A39C450}.Debug|Any CPU.ActiveCfg = Debug|Any CPU
		{00655184-B27A-4EA8-A00E-AF550A39C450}.Debug|Any CPU.Build.0 = Debug|Any CPU
		{00655184-B27A-4EA8-A00E-AF550A39C450}.Release|Any CPU.ActiveCfg = Release|Any CPU
		{00655184-B27A-4EA8-A00E-AF550A39C450}.Release|Any CPU.Build.0 = Release|Any CPU
	EndGlobalSection
	GlobalSection(SolutionProperties) = preSolution
		HideSolutionNode = FALSE
	EndGlobalSection
	GlobalSection(ExtensibilityGlobals) = postSolution
		SolutionGuid = {1CDE6C1B-D833-4A88-8EA4-3D17ADE2FB5D}
	EndGlobalSection
EndGlobal
